
Microsoft Visual Studio Solution File, Format Version 12.00
# Visual Studio Version 17
VisualStudioVersion = 17.7.34031.279
MinimumVisualStudioVersion = 10.0.40219.1
Project("{FAE04EC0-301F-11D3-BF4B-00C04F79EFBC}") = "TP_Gestion_Librairie", "TP_Gestion_Librairie\TP_Gestion_Librairie.csproj", "{7A25C91A-BA02-4C92-8B5E-F59A6C1BF451}"
EndProject
Global
	GlobalSection(SolutionConfigurationPlatforms) = preSolution
		Debug|Any CPU = Debug|Any CPU
		Release|Any CPU = Release|Any CPU
	EndGlobalSection
	GlobalSection(ProjectConfigurationPlatforms) = postSolution
		{7A25C91A-BA02-4C92-8B5E-F59A6C1BF451}.Debug|Any CPU.ActiveCfg = Debug|Any CPU
		{7A25C91A-BA02-4C92-8B5E-F59A6C1BF451}.Debug|Any CPU.Build.0 = Debug|Any CPU
		{7A25C91A-BA02-4C92-8B5E-F59A6C1BF451}.Release|Any CPU.ActiveCfg = Release|Any CPU
		{7A25C91A-BA02-4C92-8B5E-F59A6C1BF451}.Release|Any CPU.Build.0 = Release|Any CPU
	EndGlobalSection
	GlobalSection(SolutionProperties) = preSolution
		HideSolutionNode = FALSE
	EndGlobalSection
	GlobalSection(ExtensibilityGlobals) = postSolution
		SolutionGuid = {5E1C3E72-FDCB-41C7-83FB-519EAB5946A9}
	EndGlobalSection
EndGlobal
